// !$*UTF8*$!
{
	archiveVersion = 1;
	classes = {
	};
	objectVersion = 50;
	objects = {

/* Begin PBXBuildFile section */
		4C96C05925EFBC460070AB29 /* AppDelegate.swift in Sources */ = {isa = PBXBuildFile; fileRef = 4C96C05825EFBC460070AB29 /* AppDelegate.swift */; };
		4C96C05B25EFBC460070AB29 /* ViewController.swift in Sources */ = {isa = PBXBuildFile; fileRef = 4C96C05A25EFBC460070AB29 /* ViewController.swift */; };
		4C96C05E25EFBC460070AB29 /* Main.storyboard in Resources */ = {isa = PBXBuildFile; fileRef = 4C96C05C25EFBC460070AB29 /* Main.storyboard */; };
		4C96C06025EFBC490070AB29 /* Assets.xcassets in Resources */ = {isa = PBXBuildFile; fileRef = 4C96C05F25EFBC490070AB29 /* Assets.xcassets */; };
		4C96C06325EFBC490070AB29 /* LaunchScreen.storyboard in Resources */ = {isa = PBXBuildFile; fileRef = 4C96C06125EFBC490070AB29 /* LaunchScreen.storyboard */; };
		4C96C0F025F239200070AB29 /* THEOplayerSDK.framework in Frameworks */ = {isa = PBXBuildFile; fileRef = 4C96C0EF25F239200070AB29 /* THEOplayerSDK.framework */; };
		4C96C0F125F239200070AB29 /* THEOplayerSDK.framework in Embed Frameworks */ = {isa = PBXBuildFile; fileRef = 4C96C0EF25F239200070AB29 /* THEOplayerSDK.framework */; settings = {ATTRIBUTES = (CodeSignOnCopy, RemoveHeadersOnCopy, ); }; };
		4C96C0F725F23C7D0070AB29 /* EzdrmDRMIntegration.swift in Sources */ = {isa = PBXBuildFile; fileRef = 4C96C0F625F23C7D0070AB29 /* EzdrmDRMIntegration.swift */; };
		4C96C0F925F23E770070AB29 /* Theme.swift in Sources */ = {isa = PBXBuildFile; fileRef = 4C96C0F825F23E760070AB29 /* Theme.swift */; };
/* End PBXBuildFile section */

/* Begin PBXCopyFilesBuildPhase section */
		4C96C0F225F239200070AB29 /* Embed Frameworks */ = {
			isa = PBXCopyFilesBuildPhase;
			buildActionMask = 2147483647;
			dstPath = "";
			dstSubfolderSpec = 10;
			files = (
				4C96C0F125F239200070AB29 /* THEOplayerSDK.framework in Embed Frameworks */,
			);
			name = "Embed Frameworks";
			runOnlyForDeploymentPostprocessing = 0;
		};
/* End PBXCopyFilesBuildPhase section */

/* Begin PBXFileReference section */
		4C96C05525EFBC460070AB29 /* DRM-Playback.app */ = {isa = PBXFileReference; explicitFileType = wrapper.application; includeInIndex = 0; path = "DRM-Playback.app"; sourceTree = BUILT_PRODUCTS_DIR; };
		4C96C05825EFBC460070AB29 /* AppDelegate.swift */ = {isa = PBXFileReference; lastKnownFileType = sourcecode.swift; path = AppDelegate.swift; sourceTree = "<group>"; };
		4C96C05A25EFBC460070AB29 /* ViewController.swift */ = {isa = PBXFileReference; lastKnownFileType = sourcecode.swift; path = ViewController.swift; sourceTree = "<group>"; };
		4C96C05D25EFBC460070AB29 /* Base */ = {isa = PBXFileReference; lastKnownFileType = file.storyboard; name = Base; path = Base.lproj/Main.storyboard; sourceTree = "<group>"; };
		4C96C05F25EFBC490070AB29 /* Assets.xcassets */ = {isa = PBXFileReference; lastKnownFileType = folder.assetcatalog; path = Assets.xcassets; sourceTree = "<group>"; };
		4C96C06225EFBC490070AB29 /* Base */ = {isa = PBXFileReference; lastKnownFileType = file.storyboard; name = Base; path = Base.lproj/LaunchScreen.storyboard; sourceTree = "<group>"; };
		4C96C06425EFBC490070AB29 /* Info.plist */ = {isa = PBXFileReference; lastKnownFileType = text.plist.xml; path = Info.plist; sourceTree = "<group>"; };
		4C96C0EF25F239200070AB29 /* THEOplayerSDK.framework */ = {isa = PBXFileReference; lastKnownFileType = wrapper.framework; path = THEOplayerSDK.framework; sourceTree = "<group>"; };
		4C96C0F325F23AE00070AB29 /* GoogleInteractiveMediaAds.framework */ = {isa = PBXFileReference; lastKnownFileType = wrapper.framework; path = GoogleInteractiveMediaAds.framework; sourceTree = "<group>"; };
		4C96C0F625F23C7D0070AB29 /* EzdrmDRMIntegration.swift */ = {isa = PBXFileReference; fileEncoding = 4; lastKnownFileType = sourcecode.swift; path = EzdrmDRMIntegration.swift; sourceTree = "<group>"; };
		4C96C0F825F23E760070AB29 /* Theme.swift */ = {isa = PBXFileReference; fileEncoding = 4; lastKnownFileType = sourcecode.swift; path = Theme.swift; sourceTree = "<group>"; };
/* End PBXFileReference section */

/* Begin PBXFrameworksBuildPhase section */
		4C96C05225EFBC460070AB29 /* Frameworks */ = {
			isa = PBXFrameworksBuildPhase;
			buildActionMask = 2147483647;
			files = (
				4C96C0F025F239200070AB29 /* THEOplayerSDK.framework in Frameworks */,
			);
			runOnlyForDeploymentPostprocessing = 0;
		};
/* End PBXFrameworksBuildPhase section */

/* Begin PBXGroup section */
		4C96C04C25EFBC460070AB29 = {
			isa = PBXGroup;
			children = (
				4C96C05725EFBC460070AB29 /* DRM-Playback */,
				4C96C05625EFBC460070AB29 /* Products */,
				4C96C0EE25F239200070AB29 /* Frameworks */,
			);
			sourceTree = "<group>";
		};
		4C96C05625EFBC460070AB29 /* Products */ = {
			isa = PBXGroup;
			children = (
				4C96C05525EFBC460070AB29 /* DRM-Playback.app */,
			);
			name = Products;
			sourceTree = "<group>";
		};
		4C96C05725EFBC460070AB29 /* DRM-Playback */ = {
			isa = PBXGroup;
			children = (
				4C96C0F825F23E760070AB29 /* Theme.swift */,
				4C96C0F625F23C7D0070AB29 /* EzdrmDRMIntegration.swift */,
				4C96C05825EFBC460070AB29 /* AppDelegate.swift */,
				4C96C05A25EFBC460070AB29 /* ViewController.swift */,
				4C96C05C25EFBC460070AB29 /* Main.storyboard */,
				4C96C05F25EFBC490070AB29 /* Assets.xcassets */,
				4C96C06125EFBC490070AB29 /* LaunchScreen.storyboard */,
				4C96C06425EFBC490070AB29 /* Info.plist */,
			);
			path = "DRM-Playback";
			sourceTree = "<group>";
		};
		4C96C0EE25F239200070AB29 /* Frameworks */ = {
			isa = PBXGroup;
			children = (
				4C96C0F325F23AE00070AB29 /* GoogleInteractiveMediaAds.framework */,
				4C96C0EF25F239200070AB29 /* THEOplayerSDK.framework */,
			);
			name = Frameworks;
			sourceTree = "<group>";
		};
/* End PBXGroup section */

/* Begin PBXNativeTarget section */
		4C96C05425EFBC460070AB29 /* DRM-Playback */ = {
			isa = PBXNativeTarget;
			buildConfigurationList = 4C96C06725EFBC490070AB29 /* Build configuration list for PBXNativeTarget "DRM-Playback" */;
			buildPhases = (
				4C96C05125EFBC460070AB29 /* Sources */,
				4C96C05225EFBC460070AB29 /* Frameworks */,
				4C96C05325EFBC460070AB29 /* Resources */,
				4C96C0F225F239200070AB29 /* Embed Frameworks */,
			);
			buildRules = (
			);
			dependencies = (
			);
			name = "DRM-Playback";
			productName = "DRM-Playback";
			productReference = 4C96C05525EFBC460070AB29 /* DRM-Playback.app */;
			productType = "com.apple.product-type.application";
		};
/* End PBXNativeTarget section */

/* Begin PBXProject section */
		4C96C04D25EFBC460070AB29 /* Project object */ = {
			isa = PBXProject;
			attributes = {
				LastSwiftUpdateCheck = 1240;
				LastUpgradeCheck = 1240;
				TargetAttributes = {
					4C96C05425EFBC460070AB29 = {
						CreatedOnToolsVersion = 12.4;
					};
				};
			};
			buildConfigurationList = 4C96C05025EFBC460070AB29 /* Build configuration list for PBXProject "DRM-Playback" */;
			compatibilityVersion = "Xcode 9.3";
			developmentRegion = en;
			hasScannedForEncodings = 0;
			knownRegions = (
				en,
				Base,
			);
			mainGroup = 4C96C04C25EFBC460070AB29;
			productRefGroup = 4C96C05625EFBC460070AB29 /* Products */;
			projectDirPath = "";
			projectRoot = "";
			targets = (
				4C96C05425EFBC460070AB29 /* DRM-Playback */,
			);
		};
/* End PBXProject section */

/* Begin PBXResourcesBuildPhase section */
		4C96C05325EFBC460070AB29 /* Resources */ = {
			isa = PBXResourcesBuildPhase;
			buildActionMask = 2147483647;
			files = (
				4C96C06325EFBC490070AB29 /* LaunchScreen.storyboard in Resources */,
				4C96C06025EFBC490070AB29 /* Assets.xcassets in Resources */,
				4C96C05E25EFBC460070AB29 /* Main.storyboard in Resources */,
			);
			runOnlyForDeploymentPostprocessing = 0;
		};
/* End PBXResourcesBuildPhase section */

/* Begin PBXSourcesBuildPhase section */
		4C96C05125EFBC460070AB29 /* Sources */ = {
			isa = PBXSourcesBuildPhase;
			buildActionMask = 2147483647;
			files = (
				4C96C05B25EFBC460070AB29 /* ViewController.swift in Sources */,
				4C96C0F925F23E770070AB29 /* Theme.swift in Sources */,
				4C96C0F725F23C7D0070AB29 /* EzdrmDRMIntegration.swift in Sources */,
				4C96C05925EFBC460070AB29 /* AppDelegate.swift in Sources */,
			);
			runOnlyForDeploymentPostprocessing = 0;
		};
/* End PBXSourcesBuildPhase section */

/* Begin PBXVariantGroup section */
		4C96C05C25EFBC460070AB29 /* Main.storyboard */ = {
			isa = PBXVariantGroup;
			children = (
				4C96C05D25EFBC460070AB29 /* Base */,
			);
			name = Main.storyboard;
			sourceTree = "<group>";
		};
		4C96C06125EFBC490070AB29 /* LaunchScreen.storyboard */ = {
			isa = PBXVariantGroup;
			children = (
				4C96C06225EFBC490070AB29 /* Base */,
			);
			name = LaunchScreen.storyboard;
			sourceTree = "<group>";
		};
/* End PBXVariantGroup section */

/* Begin XCBuildConfiguration section */
		4C96C06525EFBC490070AB29 /* Debug */ = {
			isa = XCBuildConfiguration;
			buildSettings = {
				ALWAYS_SEARCH_USER_PATHS = NO;
				CLANG_ANALYZER_NONNULL = YES;
				CLANG_ANALYZER_NUMBER_OBJECT_CONVERSION = YES_AGGRESSIVE;
				CLANG_CXX_LANGUAGE_STANDARD = "gnu++14";
				CLANG_CXX_LIBRARY = "libc++";
				CLANG_ENABLE_MODULES = YES;
				CLANG_ENABLE_OBJC_ARC = YES;
				CLANG_ENABLE_OBJC_WEAK = YES;
				CLANG_WARN_BLOCK_CAPTURE_AUTORELEASING = YES;
				CLANG_WARN_BOOL_CONVERSION = YES;
				CLANG_WARN_COMMA = YES;
				CLANG_WARN_CONSTANT_CONVERSION = YES;
				CLANG_WARN_DEPRECATED_OBJC_IMPLEMENTATIONS = YES;
				CLANG_WARN_DIRECT_OBJC_ISA_USAGE = YES_ERROR;
				CLANG_WARN_DOCUMENTATION_COMMENTS = YES;
				CLANG_WARN_EMPTY_BODY = YES;
				CLANG_WARN_ENUM_CONVERSION = YES;
				CLANG_WARN_INFINITE_RECURSION = YES;
				CLANG_WARN_INT_CONVERSION = YES;
				CLANG_WARN_NON_LITERAL_NULL_CONVERSION = YES;
				CLANG_WARN_OBJC_IMPLICIT_RETAIN_SELF = YES;
				CLANG_WARN_OBJC_LITERAL_CONVERSION = YES;
				CLANG_WARN_OBJC_ROOT_CLASS = YES_ERROR;
				CLANG_WARN_QUOTED_INCLUDE_IN_FRAMEWORK_HEADER = YES;
				CLANG_WARN_RANGE_LOOP_ANALYSIS = YES;
				CLANG_WARN_STRICT_PROTOTYPES = YES;
				CLANG_WARN_SUSPICIOUS_MOVE = YES;
				CLANG_WARN_UNGUARDED_AVAILABILITY = YES_AGGRESSIVE;
				CLANG_WARN_UNREACHABLE_CODE = YES;
				CLANG_WARN__DUPLICATE_METHOD_MATCH = YES;
				COPY_PHASE_STRIP = NO;
				DEBUG_INFORMATION_FORMAT = dwarf;
				ENABLE_STRICT_OBJC_MSGSEND = YES;
				ENABLE_TESTABILITY = YES;
				GCC_C_LANGUAGE_STANDARD = gnu11;
				GCC_DYNAMIC_NO_PIC = NO;
				GCC_NO_COMMON_BLOCKS = YES;
				GCC_OPTIMIZATION_LEVEL = 0;
				GCC_PREPROCESSOR_DEFINITIONS = (
					"DEBUG=1",
					"$(inherited)",
				);
				GCC_WARN_64_TO_32_BIT_CONVERSION = YES;
				GCC_WARN_ABOUT_RETURN_TYPE = YES_ERROR;
				GCC_WARN_UNDECLARED_SELECTOR = YES;
				GCC_WARN_UNINITIALIZED_AUTOS = YES_AGGRESSIVE;
				GCC_WARN_UNUSED_FUNCTION = YES;
				GCC_WARN_UNUSED_VARIABLE = YES;
				MTL_ENABLE_DEBUG_INFO = INCLUDE_SOURCE;
				MTL_FAST_MATH = YES;
				ONLY_ACTIVE_ARCH = YES;
				SDKROOT = appletvos;
				SWIFT_ACTIVE_COMPILATION_CONDITIONS = DEBUG;
				SWIFT_OPTIMIZATION_LEVEL = "-Onone";
				TVOS_DEPLOYMENT_TARGET = 14.3;
			};
			name = Debug;
		};
		4C96C06625EFBC490070AB29 /* Release */ = {
			isa = XCBuildConfiguration;
			buildSettings = {
				ALWAYS_SEARCH_USER_PATHS = NO;
				CLANG_ANALYZER_NONNULL = YES;
				CLANG_ANALYZER_NUMBER_OBJECT_CONVERSION = YES_AGGRESSIVE;
				CLANG_CXX_LANGUAGE_STANDARD = "gnu++14";
				CLANG_CXX_LIBRARY = "libc++";
				CLANG_ENABLE_MODULES = YES;
				CLANG_ENABLE_OBJC_ARC = YES;
				CLANG_ENABLE_OBJC_WEAK = YES;
				CLANG_WARN_BLOCK_CAPTURE_AUTORELEASING = YES;
				CLANG_WARN_BOOL_CONVERSION = YES;
				CLANG_WARN_COMMA = YES;
				CLANG_WARN_CONSTANT_CONVERSION = YES;
				CLANG_WARN_DEPRECATED_OBJC_IMPLEMENTATIONS = YES;
				CLANG_WARN_DIRECT_OBJC_ISA_USAGE = YES_ERROR;
				CLANG_WARN_DOCUMENTATION_COMMENTS = YES;
				CLANG_WARN_EMPTY_BODY = YES;
				CLANG_WARN_ENUM_CONVERSION = YES;
				CLANG_WARN_INFINITE_RECURSION = YES;
				CLANG_WARN_INT_CONVERSION = YES;
				CLANG_WARN_NON_LITERAL_NULL_CONVERSION = YES;
				CLANG_WARN_OBJC_IMPLICIT_RETAIN_SELF = YES;
				CLANG_WARN_OBJC_LITERAL_CONVERSION = YES;
				CLANG_WARN_OBJC_ROOT_CLASS = YES_ERROR;
				CLANG_WARN_QUOTED_INCLUDE_IN_FRAMEWORK_HEADER = YES;
				CLANG_WARN_RANGE_LOOP_ANALYSIS = YES;
				CLANG_WARN_STRICT_PROTOTYPES = YES;
				CLANG_WARN_SUSPICIOUS_MOVE = YES;
				CLANG_WARN_UNGUARDED_AVAILABILITY = YES_AGGRESSIVE;
				CLANG_WARN_UNREACHABLE_CODE = YES;
				CLANG_WARN__DUPLICATE_METHOD_MATCH = YES;
				COPY_PHASE_STRIP = NO;
				DEBUG_INFORMATION_FORMAT = "dwarf-with-dsym";
				ENABLE_NS_ASSERTIONS = NO;
				ENABLE_STRICT_OBJC_MSGSEND = YES;
				GCC_C_LANGUAGE_STANDARD = gnu11;
				GCC_NO_COMMON_BLOCKS = YES;
				GCC_WARN_64_TO_32_BIT_CONVERSION = YES;
				GCC_WARN_ABOUT_RETURN_TYPE = YES_ERROR;
				GCC_WARN_UNDECLARED_SELECTOR = YES;
				GCC_WARN_UNINITIALIZED_AUTOS = YES_AGGRESSIVE;
				GCC_WARN_UNUSED_FUNCTION = YES;
				GCC_WARN_UNUSED_VARIABLE = YES;
				MTL_ENABLE_DEBUG_INFO = NO;
				MTL_FAST_MATH = YES;
				SDKROOT = appletvos;
				SWIFT_COMPILATION_MODE = wholemodule;
				SWIFT_OPTIMIZATION_LEVEL = "-O";
				TVOS_DEPLOYMENT_TARGET = 14.3;
				VALIDATE_PRODUCT = YES;
			};
			name = Release;
		};
		4C96C06825EFBC490070AB29 /* Debug */ = {
			isa = XCBuildConfiguration;
			buildSettings = {
				ASSETCATALOG_COMPILER_APPICON_NAME = "tvOS Icon";
				ASSETCATALOG_COMPILER_GLOBAL_ACCENT_COLOR_NAME = AccentColor;
				CODE_SIGN_STYLE = Automatic;
				DEVELOPMENT_TEAM = 8YAB8ZY55Y;
				FRAMEWORK_SEARCH_PATHS = (
					"$(inherited)",
					"$(PROJECT_DIR)",
				);
				INFOPLIST_FILE = "DRM-Playback/Info.plist";
				LD_RUNPATH_SEARCH_PATHS = (
					"$(inherited)",
					"@executable_path/Frameworks",
				);
				PRODUCT_BUNDLE_IDENTIFIER = "com.theoplayer.sample.playback.tvos.DRM-Playback";
				PRODUCT_NAME = "$(TARGET_NAME)";
				SWIFT_VERSION = 5.0;
				TARGETED_DEVICE_FAMILY = 3;
				VALIDATE_WORKSPACE = YES;
			};
			name = Debug;
		};
		4C96C06925EFBC490070AB29 /* Release */ = {
			isa = XCBuildConfiguration;
			buildSettings = {
				ASSETCATALOG_COMPILER_APPICON_NAME = "tvOS Icon";
				ASSETCATALOG_COMPILER_GLOBAL_ACCENT_COLOR_NAME = AccentColor;
				CODE_SIGN_STYLE = Automatic;
				DEVELOPMENT_TEAM = 8YAB8ZY55Y;
				FRAMEWORK_SEARCH_PATHS = (
					"$(inherited)",
					"$(PROJECT_DIR)",
				);
				INFOPLIST_FILE = "DRM-Playback/Info.plist";
				LD_RUNPATH_SEARCH_PATHS = (
					"$(inherited)",
					"@executable_path/Frameworks",
				);
				PRODUCT_BUNDLE_IDENTIFIER = "com.theoplayer.sample.playback.tvos.DRM-Playback";
				PRODUCT_NAME = "$(TARGET_NAME)";
				SWIFT_VERSION = 5.0;
				TARGETED_DEVICE_FAMILY = 3;
				VALIDATE_WORKSPACE = YES;
			};
			name = Release;
		};
/* End XCBuildConfiguration section */

/* Begin XCConfigurationList section */
		4C96C05025EFBC460070AB29 /* Build configuration list for PBXProject "DRM-Playback" */ = {
			isa = XCConfigurationList;
			buildConfigurations = (
				4C96C06525EFBC490070AB29 /* Debug */,
				4C96C06625EFBC490070AB29 /* Release */,
			);
			defaultConfigurationIsVisible = 0;
			defaultConfigurationName = Release;
		};
		4C96C06725EFBC490070AB29 /* Build configuration list for PBXNativeTarget "DRM-Playback" */ = {
			isa = XCConfigurationList;
			buildConfigurations = (
				4C96C06825EFBC490070AB29 /* Debug */,
				4C96C06925EFBC490070AB29 /* Release */,
			);
			defaultConfigurationIsVisible = 0;
			defaultConfigurationName = Release;
		};
/* End XCConfigurationList section */
	};
	rootObject = 4C96C04D25EFBC460070AB29 /* Project object */;
}
